
Microsoft Visual Studio Solution File, Format Version 12.00
# Visual Studio Version 16
VisualStudioVersion = 16.0.31424.327
MinimumVisualStudioVersion = 10.0.40219.1
Project("{FAE04EC0-301F-11D3-BF4B-00C04F79EFBC}") = "DotNetAdv.Ariel.Events.Hw.Targil5-6", "DotNetAdv.Ariel.Events.Hw.Targil5-6\DotNetAdv.Ariel.Events.Hw.Targil5-6.csproj", "{8C28E06B-95BF-4504-9521-571725D6D39C}"
EndProject
Global
	GlobalSection(SolutionConfigurationPlatforms) = preSolution
		Debug|Any CPU = Debug|Any CPU
		Release|Any CPU = Release|Any CPU
	EndGlobalSection
	GlobalSection(ProjectConfigurationPlatforms) = postSolution
		{8C28E06B-95BF-4504-9521-571725D6D39C}.Debug|Any CPU.ActiveCfg = Debug|Any CPU
		{8C28E06B-95BF-4504-9521-571725D6D39C}.Debug|Any CPU.Build.0 = Debug|Any CPU
		{8C28E06B-95BF-4504-9521-571725D6D39C}.Release|Any CPU.ActiveCfg = Release|Any CPU
		{8C28E06B-95BF-4504-9521-571725D6D39C}.Release|Any CPU.Build.0 = Release|Any CPU
	EndGlobalSection
	GlobalSection(SolutionProperties) = preSolution
		HideSolutionNode = FALSE
	EndGlobalSection
	GlobalSection(ExtensibilityGlobals) = postSolution
		SolutionGuid = {2709EC7C-E18A-49D9-B280-46B8234F7F5F}
	EndGlobalSection
EndGlobal
